
Microsoft Visual Studio Solution File, Format Version 12.00
# Visual Studio 15
VisualStudioVersion = 15.0.28307.168
MinimumVisualStudioVersion = 10.0.40219.1
Project("{FAE04EC0-301F-11D3-BF4B-00C04F79EFBC}") = "UnitTesting", "UnitTesting\UnitTesting.csproj", "{350A0123-FE00-485F-BCFF-2167DD144DE4}"
EndProject
Project("{FAE04EC0-301F-11D3-BF4B-00C04F79EFBC}") = "XUnitTestProject", "XUnitTestProject\XUnitTestProject.csproj", "{A1B27877-5FDA-466C-A742-81F6517A3C7D}"
EndProject
Global
	GlobalSection(SolutionConfigurationPlatforms) = preSolution
		Debug|Any CPU = Debug|Any CPU
		Release|Any CPU = Release|Any CPU
	EndGlobalSection
	GlobalSection(ProjectConfigurationPlatforms) = postSolution
		{350A0123-FE00-485F-BCFF-2167DD144DE4}.Debug|Any CPU.ActiveCfg = Debug|Any CPU
		{350A0123-FE00-485F-BCFF-2167DD144DE4}.Debug|Any CPU.Build.0 = Debug|Any CPU
		{350A0123-FE00-485F-BCFF-2167DD144DE4}.Release|Any CPU.ActiveCfg = Release|Any CPU
		{350A0123-FE00-485F-BCFF-2167DD144DE4}.Release|Any CPU.Build.0 = Release|Any CPU
		{A1B27877-5FDA-466C-A742-81F6517A3C7D}.Debug|Any CPU.ActiveCfg = Debug|Any CPU
		{A1B27877-5FDA-466C-A742-81F6517A3C7D}.Debug|Any CPU.Build.0 = Debug|Any CPU
		{A1B27877-5FDA-466C-A742-81F6517A3C7D}.Release|Any CPU.ActiveCfg = Release|Any CPU
		{A1B27877-5FDA-466C-A742-81F6517A3C7D}.Release|Any CPU.Build.0 = Release|Any CPU
	EndGlobalSection
	GlobalSection(SolutionProperties) = preSolution
		HideSolutionNode = FALSE
	EndGlobalSection
	GlobalSection(ExtensibilityGlobals) = postSolution
		SolutionGuid = {F7C9D2D9-7361-40F8-900C-F2276B51BC3E}
	EndGlobalSection
EndGlobal
